
Microsoft Visual Studio Solution File, Format Version 12.00
# Visual Studio Version 17
VisualStudioVersion = 17.2.32630.192
MinimumVisualStudioVersion = 10.0.40219.1
Project("{8BC9CEB8-8B4A-11D0-8D11-00A0C91BC942}") = "laborator7_2", "laborator7_2\laborator7_2.vcxproj", "{94E12706-DB25-4BEC-9E9D-729E0EDC87E0}"
EndProject
Global
	GlobalSection(SolutionConfigurationPlatforms) = preSolution
		Debug|x64 = Debug|x64
		Debug|x86 = Debug|x86
		Release|x64 = Release|x64
		Release|x86 = Release|x86
	EndGlobalSection
	GlobalSection(ProjectConfigurationPlatforms) = postSolution
		{94E12706-DB25-4BEC-9E9D-729E0EDC87E0}.Debug|x64.ActiveCfg = Debug|x64
		{94E12706-DB25-4BEC-9E9D-729E0EDC87E0}.Debug|x64.Build.0 = Debug|x64
		{94E12706-DB25-4BEC-9E9D-729E0EDC87E0}.Debug|x86.ActiveCfg = Debug|Win32
		{94E12706-DB25-4BEC-9E9D-729E0EDC87E0}.Debug|x86.Build.0 = Debug|Win32
		{94E12706-DB25-4BEC-9E9D-729E0EDC87E0}.Release|x64.ActiveCfg = Release|x64
		{94E12706-DB25-4BEC-9E9D-729E0EDC87E0}.Release|x64.Build.0 = Release|x64
		{94E12706-DB25-4BEC-9E9D-729E0EDC87E0}.Release|x86.ActiveCfg = Release|Win32
		{94E12706-DB25-4BEC-9E9D-729E0EDC87E0}.Release|x86.Build.0 = Release|Win32
	EndGlobalSection
	GlobalSection(SolutionProperties) = preSolution
		HideSolutionNode = FALSE
	EndGlobalSection
	GlobalSection(ExtensibilityGlobals) = postSolution
		SolutionGuid = {E8B72AEE-26B7-4E0C-99E6-B4A7FB5EB46F}
	EndGlobalSection
EndGlobal
